
Microsoft Visual Studio Solution File, Format Version 12.00
# Visual Studio Version 16
VisualStudioVersion = 16.0.30114.105
MinimumVisualStudioVersion = 10.0.40219.1
Project("{FAE04EC0-301F-11D3-BF4B-00C04F79EFBC}") = "backend", "backend\backend.csproj", "{8F48A68A-0D0B-447B-B673-0049A813EAB8}"
EndProject
Project("{FAE04EC0-301F-11D3-BF4B-00C04F79EFBC}") = "PRID_Framework", "PRID_Framework\PRID_Framework.csproj", "{304AB46D-140C-4432-9FB2-4314A0F5BD28}"
EndProject
Global
	GlobalSection(SolutionConfigurationPlatforms) = preSolution
		Debug|Any CPU = Debug|Any CPU
		Release|Any CPU = Release|Any CPU
	EndGlobalSection
	GlobalSection(SolutionProperties) = preSolution
		HideSolutionNode = FALSE
	EndGlobalSection
	GlobalSection(ProjectConfigurationPlatforms) = postSolution
		{8F48A68A-0D0B-447B-B673-0049A813EAB8}.Debug|Any CPU.ActiveCfg = Debug|Any CPU
		{8F48A68A-0D0B-447B-B673-0049A813EAB8}.Debug|Any CPU.Build.0 = Debug|Any CPU
		{8F48A68A-0D0B-447B-B673-0049A813EAB8}.Release|Any CPU.ActiveCfg = Release|Any CPU
		{8F48A68A-0D0B-447B-B673-0049A813EAB8}.Release|Any CPU.Build.0 = Release|Any CPU
		{304AB46D-140C-4432-9FB2-4314A0F5BD28}.Debug|Any CPU.ActiveCfg = Debug|Any CPU
		{304AB46D-140C-4432-9FB2-4314A0F5BD28}.Debug|Any CPU.Build.0 = Debug|Any CPU
		{304AB46D-140C-4432-9FB2-4314A0F5BD28}.Release|Any CPU.ActiveCfg = Release|Any CPU
		{304AB46D-140C-4432-9FB2-4314A0F5BD28}.Release|Any CPU.Build.0 = Release|Any CPU
	EndGlobalSection
EndGlobal
